
Microsoft Visual Studio Solution File, Format Version 12.00
# Visual Studio Version 16
VisualStudioVersion = 16.0.29806.167
MinimumVisualStudioVersion = 15.0.26124.0
Project("{2150E333-8FDC-42A3-9474-1A3956D46DE8}") = "src", "src", "{DA865B28-AFE0-46FE-BA81-721AC58C40D1}"
EndProject
Project("{9A19103F-16F7-4668-BE54-9A1E7A4F7556}") = "API", "src\API\API.csproj", "{CD5FFA7C-17F4-41AB-9C57-F640EA5F3C2B}"
EndProject
Project("{9A19103F-16F7-4668-BE54-9A1E7A4F7556}") = "Infrastructure", "src\Infrastructure\Infrastructure.csproj", "{54933624-E8F2-4C69-AFDE-7863C7F4DDE5}"
EndProject
Project("{9A19103F-16F7-4668-BE54-9A1E7A4F7556}") = "Application", "src\Application\Application.csproj", "{D2416F12-8732-4834-9670-AA89A7C136A9}"
EndProject
Project("{9A19103F-16F7-4668-BE54-9A1E7A4F7556}") = "Application.Unit.Tests", "tests\Application.Unit.Tests\Application.Unit.Tests.csproj", "{B4243E67-9B85-477F-B30E-725683CF3A19}"
EndProject
Project("{2150E333-8FDC-42A3-9474-1A3956D46DE8}") = "tests", "tests", "{B978AB0F-18BB-466A-9500-1CA5A4D438D4}"
EndProject
Project("{9A19103F-16F7-4668-BE54-9A1E7A4F7556}") = "API.Integration.Tests", "tests\API.Integration.Tests\API.Integration.Tests.csproj", "{58E9480F-0979-4810-BC72-AD8FECD201A3}"
EndProject
Project("{2150E333-8FDC-42A3-9474-1A3956D46DE8}") = "Solution Items", "Solution Items", "{082305F3-DBFC-4E32-8FF6-197C35F05920}"
	ProjectSection(SolutionItems) = preProject
		.editorconfig = .editorconfig
	EndProjectSection
EndProject
Project("{FAE04EC0-301F-11D3-BF4B-00C04F79EFBC}") = "Domain", "src\Domain\Domain.csproj", "{A3311378-C8A2-4A32-A790-E0CC96C59D16}"
EndProject
Global
	GlobalSection(SolutionConfigurationPlatforms) = preSolution
		Debug|Any CPU = Debug|Any CPU
		Debug|x64 = Debug|x64
		Debug|x86 = Debug|x86
		Release|Any CPU = Release|Any CPU
		Release|x64 = Release|x64
		Release|x86 = Release|x86
	EndGlobalSection
	GlobalSection(ProjectConfigurationPlatforms) = postSolution
		{CD5FFA7C-17F4-41AB-9C57-F640EA5F3C2B}.Debug|Any CPU.ActiveCfg = Debug|Any CPU
		{CD5FFA7C-17F4-41AB-9C57-F640EA5F3C2B}.Debug|Any CPU.Build.0 = Debug|Any CPU
		{CD5FFA7C-17F4-41AB-9C57-F640EA5F3C2B}.Debug|x64.ActiveCfg = Debug|Any CPU
		{CD5FFA7C-17F4-41AB-9C57-F640EA5F3C2B}.Debug|x64.Build.0 = Debug|Any CPU
		{CD5FFA7C-17F4-41AB-9C57-F640EA5F3C2B}.Debug|x86.ActiveCfg = Debug|Any CPU
		{CD5FFA7C-17F4-41AB-9C57-F640EA5F3C2B}.Debug|x86.Build.0 = Debug|Any CPU
		{CD5FFA7C-17F4-41AB-9C57-F640EA5F3C2B}.Release|Any CPU.ActiveCfg = Release|Any CPU
		{CD5FFA7C-17F4-41AB-9C57-F640EA5F3C2B}.Release|Any CPU.Build.0 = Release|Any CPU
		{CD5FFA7C-17F4-41AB-9C57-F640EA5F3C2B}.Release|x64.ActiveCfg = Release|Any CPU
		{CD5FFA7C-17F4-41AB-9C57-F640EA5F3C2B}.Release|x64.Build.0 = Release|Any CPU
		{CD5FFA7C-17F4-41AB-9C57-F640EA5F3C2B}.Release|x86.ActiveCfg = Release|Any CPU
		{CD5FFA7C-17F4-41AB-9C57-F640EA5F3C2B}.Release|x86.Build.0 = Release|Any CPU
		{54933624-E8F2-4C69-AFDE-7863C7F4DDE5}.Debug|Any CPU.ActiveCfg = Debug|Any CPU
		{54933624-E8F2-4C69-AFDE-7863C7F4DDE5}.Debug|Any CPU.Build.0 = Debug|Any CPU
		{54933624-E8F2-4C69-AFDE-7863C7F4DDE5}.Debug|x64.ActiveCfg = Debug|Any CPU
		{54933624-E8F2-4C69-AFDE-7863C7F4DDE5}.Debug|x64.Build.0 = Debug|Any CPU
		{54933624-E8F2-4C69-AFDE-7863C7F4DDE5}.Debug|x86.ActiveCfg = Debug|Any CPU
		{54933624-E8F2-4C69-AFDE-7863C7F4DDE5}.Debug|x86.Build.0 = Debug|Any CPU
		{54933624-E8F2-4C69-AFDE-7863C7F4DDE5}.Release|Any CPU.ActiveCfg = Release|Any CPU
		{54933624-E8F2-4C69-AFDE-7863C7F4DDE5}.Release|Any CPU.Build.0 = Release|Any CPU
		{54933624-E8F2-4C69-AFDE-7863C7F4DDE5}.Release|x64.ActiveCfg = Release|Any CPU
		{54933624-E8F2-4C69-AFDE-7863C7F4DDE5}.Release|x64.Build.0 = Release|Any CPU
		{54933624-E8F2-4C69-AFDE-7863C7F4DDE5}.Release|x86.ActiveCfg = Release|Any CPU
		{54933624-E8F2-4C69-AFDE-7863C7F4DDE5}.Release|x86.Build.0 = Release|Any CPU
		{D2416F12-8732-4834-9670-AA89A7C136A9}.Debug|Any CPU.ActiveCfg = Debug|Any CPU
		{D2416F12-8732-4834-9670-AA89A7C136A9}.Debug|Any CPU.Build.0 = Debug|Any CPU
		{D2416F12-8732-4834-9670-AA89A7C136A9}.Debug|x64.ActiveCfg = Debug|Any CPU
		{D2416F12-8732-4834-9670-AA89A7C136A9}.Debug|x64.Build.0 = Debug|Any CPU
		{D2416F12-8732-4834-9670-AA89A7C136A9}.Debug|x86.ActiveCfg = Debug|Any CPU
		{D2416F12-8732-4834-9670-AA89A7C136A9}.Debug|x86.Build.0 = Debug|Any CPU
		{D2416F12-8732-4834-9670-AA89A7C136A9}.Release|Any CPU.ActiveCfg = Release|Any CPU
		{D2416F12-8732-4834-9670-AA89A7C136A9}.Release|Any CPU.Build.0 = Release|Any CPU
		{D2416F12-8732-4834-9670-AA89A7C136A9}.Release|x64.ActiveCfg = Release|Any CPU
		{D2416F12-8732-4834-9670-AA89A7C136A9}.Release|x64.Build.0 = Release|Any CPU
		{D2416F12-8732-4834-9670-AA89A7C136A9}.Release|x86.ActiveCfg = Release|Any CPU
		{D2416F12-8732-4834-9670-AA89A7C136A9}.Release|x86.Build.0 = Release|Any CPU
		{B4243E67-9B85-477F-B30E-725683CF3A19}.Debug|Any CPU.ActiveCfg = Debug|Any CPU
		{B4243E67-9B85-477F-B30E-725683CF3A19}.Debug|Any CPU.Build.0 = Debug|Any CPU
		{B4243E67-9B85-477F-B30E-725683CF3A19}.Debug|x64.ActiveCfg = Debug|Any CPU
		{B4243E67-9B85-477F-B30E-725683CF3A19}.Debug|x64.Build.0 = Debug|Any CPU
		{B4243E67-9B85-477F-B30E-725683CF3A19}.Debug|x86.ActiveCfg = Debug|Any CPU
		{B4243E67-9B85-477F-B30E-725683CF3A19}.Debug|x86.Build.0 = Debug|Any CPU
		{B4243E67-9B85-477F-B30E-725683CF3A19}.Release|Any CPU.ActiveCfg = Release|Any CPU
		{B4243E67-9B85-477F-B30E-725683CF3A19}.Release|Any CPU.Build.0 = Release|Any CPU
		{B4243E67-9B85-477F-B30E-725683CF3A19}.Release|x64.ActiveCfg = Release|Any CPU
		{B4243E67-9B85-477F-B30E-725683CF3A19}.Release|x64.Build.0 = Release|Any CPU
		{B4243E67-9B85-477F-B30E-725683CF3A19}.Release|x86.ActiveCfg = Release|Any CPU
		{B4243E67-9B85-477F-B30E-725683CF3A19}.Release|x86.Build.0 = Release|Any CPU
		{58E9480F-0979-4810-BC72-AD8FECD201A3}.Debug|Any CPU.ActiveCfg = Debug|Any CPU
		{58E9480F-0979-4810-BC72-AD8FECD201A3}.Debug|Any CPU.Build.0 = Debug|Any CPU
		{58E9480F-0979-4810-BC72-AD8FECD201A3}.Debug|x64.ActiveCfg = Debug|Any CPU
		{58E9480F-0979-4810-BC72-AD8FECD201A3}.Debug|x64.Build.0 = Debug|Any CPU
		{58E9480F-0979-4810-BC72-AD8FECD201A3}.Debug|x86.ActiveCfg = Debug|Any CPU
		{58E9480F-0979-4810-BC72-AD8FECD201A3}.Debug|x86.Build.0 = Debug|Any CPU
		{58E9480F-0979-4810-BC72-AD8FECD201A3}.Release|Any CPU.ActiveCfg = Release|Any CPU
		{58E9480F-0979-4810-BC72-AD8FECD201A3}.Release|Any CPU.Build.0 = Release|Any CPU
		{58E9480F-0979-4810-BC72-AD8FECD201A3}.Release|x64.ActiveCfg = Release|Any CPU
		{58E9480F-0979-4810-BC72-AD8FECD201A3}.Release|x64.Build.0 = Release|Any CPU
		{58E9480F-0979-4810-BC72-AD8FECD201A3}.Release|x86.ActiveCfg = Release|Any CPU
		{58E9480F-0979-4810-BC72-AD8FECD201A3}.Release|x86.Build.0 = Release|Any CPU
		{A3311378-C8A2-4A32-A790-E0CC96C59D16}.Debug|Any CPU.ActiveCfg = Debug|Any CPU
		{A3311378-C8A2-4A32-A790-E0CC96C59D16}.Debug|Any CPU.Build.0 = Debug|Any CPU
		{A3311378-C8A2-4A32-A790-E0CC96C59D16}.Debug|x64.ActiveCfg = Debug|Any CPU
		{A3311378-C8A2-4A32-A790-E0CC96C59D16}.Debug|x64.Build.0 = Debug|Any CPU
		{A3311378-C8A2-4A32-A790-E0CC96C59D16}.Debug|x86.ActiveCfg = Debug|Any CPU
		{A3311378-C8A2-4A32-A790-E0CC96C59D16}.Debug|x86.Build.0 = Debug|Any CPU
		{A3311378-C8A2-4A32-A790-E0CC96C59D16}.Release|Any CPU.ActiveCfg = Release|Any CPU
		{A3311378-C8A2-4A32-A790-E0CC96C59D16}.Release|Any CPU.Build.0 = Release|Any CPU
		{A3311378-C8A2-4A32-A790-E0CC96C59D16}.Release|x64.ActiveCfg = Release|Any CPU
		{A3311378-C8A2-4A32-A790-E0CC96C59D16}.Release|x64.Build.0 = Release|Any CPU
		{A3311378-C8A2-4A32-A790-E0CC96C59D16}.Release|x86.ActiveCfg = Release|Any CPU
		{A3311378-C8A2-4A32-A790-E0CC96C59D16}.Release|x86.Build.0 = Release|Any CPU
	EndGlobalSection
	GlobalSection(SolutionProperties) = preSolution
		HideSolutionNode = FALSE
	EndGlobalSection
	GlobalSection(NestedProjects) = preSolution
		{CD5FFA7C-17F4-41AB-9C57-F640EA5F3C2B} = {DA865B28-AFE0-46FE-BA81-721AC58C40D1}
		{54933624-E8F2-4C69-AFDE-7863C7F4DDE5} = {DA865B28-AFE0-46FE-BA81-721AC58C40D1}
		{D2416F12-8732-4834-9670-AA89A7C136A9} = {DA865B28-AFE0-46FE-BA81-721AC58C40D1}
		{B4243E67-9B85-477F-B30E-725683CF3A19} = {B978AB0F-18BB-466A-9500-1CA5A4D438D4}
		{58E9480F-0979-4810-BC72-AD8FECD201A3} = {B978AB0F-18BB-466A-9500-1CA5A4D438D4}
		{A3311378-C8A2-4A32-A790-E0CC96C59D16} = {DA865B28-AFE0-46FE-BA81-721AC58C40D1}
	EndGlobalSection
	GlobalSection(ExtensibilityGlobals) = postSolution
		SolutionGuid = {AF526EE5-DBB4-4BF6-8888-3927B2E149DD}
	EndGlobalSection
EndGlobal
